// !$*UTF8*$!
{
	archiveVersion = 1;
	classes = {
	};
	objectVersion = 56;
	objects = {

/* Begin PBXBuildFile section */
		69605C862D6C45FB0096E1D4 /* CartViewModel.swift in Sources */ = {isa = PBXBuildFile; fileRef = 69605C852D6C45FB0096E1D4 /* CartViewModel.swift */; };
		69605C872D6C4EE60096E1D4 /* CartViewModel.swift in Sources */ = {isa = PBXBuildFile; fileRef = 69605C852D6C45FB0096E1D4 /* CartViewModel.swift */; };
		69605C882D6C4EE70096E1D4 /* CartViewModel.swift in Sources */ = {isa = PBXBuildFile; fileRef = 69605C852D6C45FB0096E1D4 /* CartViewModel.swift */; };
		69605C892D6C4F0C0096E1D4 /* Cart.swift in Sources */ = {isa = PBXBuildFile; fileRef = 697023A92D67AB1E0076DB1B /* Cart.swift */; };
		69605C8A2D6C4F0D0096E1D4 /* Cart.swift in Sources */ = {isa = PBXBuildFile; fileRef = 697023A92D67AB1E0076DB1B /* Cart.swift */; };
		69605C8B2D6C4F1D0096E1D4 /* mealplanerApp.swift in Sources */ = {isa = PBXBuildFile; fileRef = 69EF368A2D63342E000F2EA8 /* mealplanerApp.swift */; };
		69605C8C2D6C4F1E0096E1D4 /* mealplanerApp.swift in Sources */ = {isa = PBXBuildFile; fileRef = 69EF368A2D63342E000F2EA8 /* mealplanerApp.swift */; };
		69605C8E2D6C4F3C0096E1D4 /* ContentView.swift in Sources */ = {isa = PBXBuildFile; fileRef = 69EF368C2D63342E000F2EA8 /* ContentView.swift */; };
		69605C8F2D6C4F3C0096E1D4 /* ContentView.swift in Sources */ = {isa = PBXBuildFile; fileRef = 69EF368C2D63342E000F2EA8 /* ContentView.swift */; };
		69605C902D6C4F3F0096E1D4 /* SignUp.swift in Sources */ = {isa = PBXBuildFile; fileRef = 69EF36B62D633CB7000F2EA8 /* SignUp.swift */; };
		69605C912D6C4F400096E1D4 /* SignUp.swift in Sources */ = {isa = PBXBuildFile; fileRef = 69EF36B62D633CB7000F2EA8 /* SignUp.swift */; };
		69605C922D6C4F420096E1D4 /* Login.swift in Sources */ = {isa = PBXBuildFile; fileRef = 69EF36B42D633AC4000F2EA8 /* Login.swift */; };
		69605C932D6C4F430096E1D4 /* Login.swift in Sources */ = {isa = PBXBuildFile; fileRef = 69EF36B42D633AC4000F2EA8 /* Login.swift */; };
		69605C942D6C4F470096E1D4 /* OrderCart.swift in Sources */ = {isa = PBXBuildFile; fileRef = 697023AD2D67B8D10076DB1B /* OrderCart.swift */; };
		69605C952D6C4F470096E1D4 /* OrderCart.swift in Sources */ = {isa = PBXBuildFile; fileRef = 697023AD2D67B8D10076DB1B /* OrderCart.swift */; };
		69605C962D6C4F4A0096E1D4 /* Karte.swift in Sources */ = {isa = PBXBuildFile; fileRef = 697023AF2D67BD060076DB1B /* Karte.swift */; };
		69605C972D6C4F4A0096E1D4 /* Karte.swift in Sources */ = {isa = PBXBuildFile; fileRef = 697023AF2D67BD060076DB1B /* Karte.swift */; };
		69605C982D6C4F4D0096E1D4 /* Mehr.swift in Sources */ = {isa = PBXBuildFile; fileRef = 697023B12D6A134D0076DB1B /* Mehr.swift */; };
		69605C992D6C4F4D0096E1D4 /* Mehr.swift in Sources */ = {isa = PBXBuildFile; fileRef = 697023B12D6A134D0076DB1B /* Mehr.swift */; };
		69605C9A2D6C4F500096E1D4 /* Lief.swift in Sources */ = {isa = PBXBuildFile; fileRef = 697023B32D6A4B870076DB1B /* Lief.swift */; };
		69605C9B2D6C4F500096E1D4 /* Lief.swift in Sources */ = {isa = PBXBuildFile; fileRef = 697023B32D6A4B870076DB1B /* Lief.swift */; };
		69605C9C2D6C74140096E1D4 /* Main.swift in Sources */ = {isa = PBXBuildFile; fileRef = 69EF36C12D6674FA000F2EA8 /* Main.swift */; };
		69605C9D2D6C74140096E1D4 /* Main.swift in Sources */ = {isa = PBXBuildFile; fileRef = 69EF36C12D6674FA000F2EA8 /* Main.swift */; };
		697023AA2D67AB1E0076DB1B /* Cart.swift in Sources */ = {isa = PBXBuildFile; fileRef = 697023A92D67AB1E0076DB1B /* Cart.swift */; };
		697023AE2D67B8D10076DB1B /* OrderCart.swift in Sources */ = {isa = PBXBuildFile; fileRef = 697023AD2D67B8D10076DB1B /* OrderCart.swift */; };
		697023B02D67BD060076DB1B /* Karte.swift in Sources */ = {isa = PBXBuildFile; fileRef = 697023AF2D67BD060076DB1B /* Karte.swift */; };
		697023B22D6A134D0076DB1B /* Mehr.swift in Sources */ = {isa = PBXBuildFile; fileRef = 697023B12D6A134D0076DB1B /* Mehr.swift */; };
		697023B42D6A4B870076DB1B /* Lief.swift in Sources */ = {isa = PBXBuildFile; fileRef = 697023B32D6A4B870076DB1B /* Lief.swift */; };
		69EF368B2D63342E000F2EA8 /* mealplanerApp.swift in Sources */ = {isa = PBXBuildFile; fileRef = 69EF368A2D63342E000F2EA8 /* mealplanerApp.swift */; };
		69EF368D2D63342E000F2EA8 /* ContentView.swift in Sources */ = {isa = PBXBuildFile; fileRef = 69EF368C2D63342E000F2EA8 /* ContentView.swift */; };
		69EF368F2D63342F000F2EA8 /* Assets.xcassets in Resources */ = {isa = PBXBuildFile; fileRef = 69EF368E2D63342F000F2EA8 /* Assets.xcassets */; };
		69EF36922D63342F000F2EA8 /* Preview Assets.xcassets in Resources */ = {isa = PBXBuildFile; fileRef = 69EF36912D63342F000F2EA8 /* Preview Assets.xcassets */; };
		69EF369C2D63342F000F2EA8 /* mealplanerTests.swift in Sources */ = {isa = PBXBuildFile; fileRef = 69EF369B2D63342F000F2EA8 /* mealplanerTests.swift */; };
		69EF36A62D63342F000F2EA8 /* mealplanerUITests.swift in Sources */ = {isa = PBXBuildFile; fileRef = 69EF36A52D63342F000F2EA8 /* mealplanerUITests.swift */; };
		69EF36A82D63342F000F2EA8 /* mealplanerUITestsLaunchTests.swift in Sources */ = {isa = PBXBuildFile; fileRef = 69EF36A72D63342F000F2EA8 /* mealplanerUITestsLaunchTests.swift */; };
		69EF36B52D633AC4000F2EA8 /* Login.swift in Sources */ = {isa = PBXBuildFile; fileRef = 69EF36B42D633AC4000F2EA8 /* Login.swift */; };
		69EF36B72D633CB7000F2EA8 /* SignUp.swift in Sources */ = {isa = PBXBuildFile; fileRef = 69EF36B62D633CB7000F2EA8 /* SignUp.swift */; };
		69EF36BA2D63C63A000F2EA8 /* Sen-Regular.ttf in Resources */ = {isa = PBXBuildFile; fileRef = 69EF36B92D63C63A000F2EA8 /* Sen-Regular.ttf */; };
		69EF36BB2D63C63A000F2EA8 /* Sen-Regular.ttf in Resources */ = {isa = PBXBuildFile; fileRef = 69EF36B92D63C63A000F2EA8 /* Sen-Regular.ttf */; };
		69EF36BC2D63C63A000F2EA8 /* Sen-Regular.ttf in Resources */ = {isa = PBXBuildFile; fileRef = 69EF36B92D63C63A000F2EA8 /* Sen-Regular.ttf */; };
		69EF36BE2D63D938000F2EA8 /* Success.swift in Sources */ = {isa = PBXBuildFile; fileRef = 69EF36BD2D63D938000F2EA8 /* Success.swift */; };
		69EF36BF2D63D938000F2EA8 /* Success.swift in Sources */ = {isa = PBXBuildFile; fileRef = 69EF36BD2D63D938000F2EA8 /* Success.swift */; };
		69EF36C02D63D938000F2EA8 /* Success.swift in Sources */ = {isa = PBXBuildFile; fileRef = 69EF36BD2D63D938000F2EA8 /* Success.swift */; };
		69EF36C22D6674FA000F2EA8 /* Main.swift in Sources */ = {isa = PBXBuildFile; fileRef = 69EF36C12D6674FA000F2EA8 /* Main.swift */; };
		69EF36C62D667C14000F2EA8 /* Profile.swift in Sources */ = {isa = PBXBuildFile; fileRef = 69EF36C52D667C14000F2EA8 /* Profile.swift */; };
		69EF36C72D667C14000F2EA8 /* Profile.swift in Sources */ = {isa = PBXBuildFile; fileRef = 69EF36C52D667C14000F2EA8 /* Profile.swift */; };
		69EF36C82D667C14000F2EA8 /* Profile.swift in Sources */ = {isa = PBXBuildFile; fileRef = 69EF36C52D667C14000F2EA8 /* Profile.swift */; };
/* End PBXBuildFile section */

/* Begin PBXContainerItemProxy section */
		69EF36982D63342F000F2EA8 /* PBXContainerItemProxy */ = {
			isa = PBXContainerItemProxy;
			containerPortal = 69EF367F2D63342E000F2EA8 /* Project object */;
			proxyType = 1;
			remoteGlobalIDString = 69EF36862D63342E000F2EA8;
			remoteInfo = mealplaner;
		};
		69EF36A22D63342F000F2EA8 /* PBXContainerItemProxy */ = {
			isa = PBXContainerItemProxy;
			containerPortal = 69EF367F2D63342E000F2EA8 /* Project object */;
			proxyType = 1;
			remoteGlobalIDString = 69EF36862D63342E000F2EA8;
			remoteInfo = mealplaner;
		};
/* End PBXContainerItemProxy section */

/* Begin PBXFileReference section */
		69605C852D6C45FB0096E1D4 /* CartViewModel.swift */ = {isa = PBXFileReference; lastKnownFileType = sourcecode.swift; path = CartViewModel.swift; sourceTree = "<group>"; };
		697023A92D67AB1E0076DB1B /* Cart.swift */ = {isa = PBXFileReference; lastKnownFileType = sourcecode.swift; path = Cart.swift; sourceTree = "<group>"; };
		697023AD2D67B8D10076DB1B /* OrderCart.swift */ = {isa = PBXFileReference; lastKnownFileType = sourcecode.swift; path = OrderCart.swift; sourceTree = "<group>"; };
		697023AF2D67BD060076DB1B /* Karte.swift */ = {isa = PBXFileReference; lastKnownFileType = sourcecode.swift; path = Karte.swift; sourceTree = "<group>"; };
		697023B12D6A134D0076DB1B /* Mehr.swift */ = {isa = PBXFileReference; lastKnownFileType = sourcecode.swift; path = Mehr.swift; sourceTree = "<group>"; };
		697023B32D6A4B870076DB1B /* Lief.swift */ = {isa = PBXFileReference; lastKnownFileType = sourcecode.swift; path = Lief.swift; sourceTree = "<group>"; };
		69EF36872D63342E000F2EA8 /* CloverFoodHub.app */ = {isa = PBXFileReference; explicitFileType = wrapper.application; includeInIndex = 0; path = CloverFoodHub.app; sourceTree = BUILT_PRODUCTS_DIR; };
		69EF368A2D63342E000F2EA8 /* mealplanerApp.swift */ = {isa = PBXFileReference; lastKnownFileType = sourcecode.swift; path = mealplanerApp.swift; sourceTree = "<group>"; };
		69EF368C2D63342E000F2EA8 /* ContentView.swift */ = {isa = PBXFileReference; lastKnownFileType = sourcecode.swift; path = ContentView.swift; sourceTree = "<group>"; };
		69EF368E2D63342F000F2EA8 /* Assets.xcassets */ = {isa = PBXFileReference; lastKnownFileType = folder.assetcatalog; path = Assets.xcassets; sourceTree = "<group>"; };
		69EF36912D63342F000F2EA8 /* Preview Assets.xcassets */ = {isa = PBXFileReference; lastKnownFileType = folder.assetcatalog; path = "Preview Assets.xcassets"; sourceTree = "<group>"; };
		69EF36972D63342F000F2EA8 /* CloverFoodHubTests.xctest */ = {isa = PBXFileReference; explicitFileType = wrapper.cfbundle; includeInIndex = 0; path = CloverFoodHubTests.xctest; sourceTree = BUILT_PRODUCTS_DIR; };
		69EF369B2D63342F000F2EA8 /* mealplanerTests.swift */ = {isa = PBXFileReference; lastKnownFileType = sourcecode.swift; path = mealplanerTests.swift; sourceTree = "<group>"; };
		69EF36A12D63342F000F2EA8 /* CloverFoodHubUITests.xctest */ = {isa = PBXFileReference; explicitFileType = wrapper.cfbundle; includeInIndex = 0; path = CloverFoodHubUITests.xctest; sourceTree = BUILT_PRODUCTS_DIR; };
		69EF36A52D63342F000F2EA8 /* mealplanerUITests.swift */ = {isa = PBXFileReference; lastKnownFileType = sourcecode.swift; path = mealplanerUITests.swift; sourceTree = "<group>"; };
		69EF36A72D63342F000F2EA8 /* mealplanerUITestsLaunchTests.swift */ = {isa = PBXFileReference; lastKnownFileType = sourcecode.swift; path = mealplanerUITestsLaunchTests.swift; sourceTree = "<group>"; };
		69EF36B42D633AC4000F2EA8 /* Login.swift */ = {isa = PBXFileReference; lastKnownFileType = sourcecode.swift; path = Login.swift; sourceTree = "<group>"; };
		69EF36B62D633CB7000F2EA8 /* SignUp.swift */ = {isa = PBXFileReference; lastKnownFileType = sourcecode.swift; path = SignUp.swift; sourceTree = "<group>"; };
		69EF36B82D63C5E0000F2EA8 /* Info.plist */ = {isa = PBXFileReference; lastKnownFileType = text.plist; path = Info.plist; sourceTree = "<group>"; };
		69EF36B92D63C63A000F2EA8 /* Sen-Regular.ttf */ = {isa = PBXFileReference; lastKnownFileType = file; path = "Sen-Regular.ttf"; sourceTree = "<group>"; };
		69EF36BD2D63D938000F2EA8 /* Success.swift */ = {isa = PBXFileReference; lastKnownFileType = sourcecode.swift; path = Success.swift; sourceTree = "<group>"; };
		69EF36C12D6674FA000F2EA8 /* Main.swift */ = {isa = PBXFileReference; lastKnownFileType = sourcecode.swift; path = Main.swift; sourceTree = "<group>"; };
		69EF36C52D667C14000F2EA8 /* Profile.swift */ = {isa = PBXFileReference; lastKnownFileType = sourcecode.swift; path = Profile.swift; sourceTree = "<group>"; };
/* End PBXFileReference section */

/* Begin PBXFrameworksBuildPhase section */
		69EF36842D63342E000F2EA8 /* Frameworks */ = {
			isa = PBXFrameworksBuildPhase;
			buildActionMask = 2147483647;
			files = (
			);
			runOnlyForDeploymentPostprocessing = 0;
		};
		69EF36942D63342F000F2EA8 /* Frameworks */ = {
			isa = PBXFrameworksBuildPhase;
			buildActionMask = 2147483647;
			files = (
			);
			runOnlyForDeploymentPostprocessing = 0;
		};
		69EF369E2D63342F000F2EA8 /* Frameworks */ = {
			isa = PBXFrameworksBuildPhase;
			buildActionMask = 2147483647;
			files = (
			);
			runOnlyForDeploymentPostprocessing = 0;
		};
/* End PBXFrameworksBuildPhase section */

/* Begin PBXGroup section */
		69EF367E2D63342E000F2EA8 = {
			isa = PBXGroup;
			children = (
				69EF36B92D63C63A000F2EA8 /* Sen-Regular.ttf */,
				69EF36892D63342E000F2EA8 /* mealplaner */,
				69EF369A2D63342F000F2EA8 /* mealplanerTests */,
				69EF36A42D63342F000F2EA8 /* mealplanerUITests */,
				69EF36882D63342E000F2EA8 /* Products */,
			);
			sourceTree = "<group>";
		};
		69EF36882D63342E000F2EA8 /* Products */ = {
			isa = PBXGroup;
			children = (
				69EF36872D63342E000F2EA8 /* CloverFoodHub.app */,
				69EF36972D63342F000F2EA8 /* CloverFoodHubTests.xctest */,
				69EF36A12D63342F000F2EA8 /* CloverFoodHubUITests.xctest */,
			);
			name = Products;
			sourceTree = "<group>";
		};
		69EF36892D63342E000F2EA8 /* mealplaner */ = {
			isa = PBXGroup;
			children = (
				69EF36B82D63C5E0000F2EA8 /* Info.plist */,
				69EF368A2D63342E000F2EA8 /* mealplanerApp.swift */,
				69EF36C12D6674FA000F2EA8 /* Main.swift */,
				697023A92D67AB1E0076DB1B /* Cart.swift */,
				69605C852D6C45FB0096E1D4 /* CartViewModel.swift */,
				69EF36B62D633CB7000F2EA8 /* SignUp.swift */,
				69EF36B42D633AC4000F2EA8 /* Login.swift */,
				69EF36C52D667C14000F2EA8 /* Profile.swift */,
				69EF368C2D63342E000F2EA8 /* ContentView.swift */,
				69EF36BD2D63D938000F2EA8 /* Success.swift */,
				697023AD2D67B8D10076DB1B /* OrderCart.swift */,
				697023AF2D67BD060076DB1B /* Karte.swift */,
				697023B12D6A134D0076DB1B /* Mehr.swift */,
				697023B32D6A4B870076DB1B /* Lief.swift */,
				69EF368E2D63342F000F2EA8 /* Assets.xcassets */,
				69EF36902D63342F000F2EA8 /* Preview Content */,
			);
			path = mealplaner;
			sourceTree = "<group>";
		};
		69EF36902D63342F000F2EA8 /* Preview Content */ = {
			isa = PBXGroup;
			children = (
				69EF36912D63342F000F2EA8 /* Preview Assets.xcassets */,
			);
			path = "Preview Content";
			sourceTree = "<group>";
		};
		69EF369A2D63342F000F2EA8 /* mealplanerTests */ = {
			isa = PBXGroup;
			children = (
				69EF369B2D63342F000F2EA8 /* mealplanerTests.swift */,
			);
			path = mealplanerTests;
			sourceTree = "<group>";
		};
		69EF36A42D63342F000F2EA8 /* mealplanerUITests */ = {
			isa = PBXGroup;
			children = (
				69EF36A52D63342F000F2EA8 /* mealplanerUITests.swift */,
				69EF36A72D63342F000F2EA8 /* mealplanerUITestsLaunchTests.swift */,
			);
			path = mealplanerUITests;
			sourceTree = "<group>";
		};
/* End PBXGroup section */

/* Begin PBXNativeTarget section */
		69EF36862D63342E000F2EA8 /* CloverFoodHub */ = {
			isa = PBXNativeTarget;
			buildConfigurationList = 69EF36AB2D63342F000F2EA8 /* Build configuration list for PBXNativeTarget "CloverFoodHub" */;
			buildPhases = (
				69EF36832D63342E000F2EA8 /* Sources */,
				69EF36842D63342E000F2EA8 /* Frameworks */,
				69EF36852D63342E000F2EA8 /* Resources */,
			);
			buildRules = (
			);
			dependencies = (
			);
			name = CloverFoodHub;
			productName = mealplaner;
			productReference = 69EF36872D63342E000F2EA8 /* CloverFoodHub.app */;
			productType = "com.apple.product-type.application";
		};
		69EF36962D63342F000F2EA8 /* CloverFoodHubTests */ = {
			isa = PBXNativeTarget;
			buildConfigurationList = 69EF36AE2D63342F000F2EA8 /* Build configuration list for PBXNativeTarget "CloverFoodHubTests" */;
			buildPhases = (
				69EF36932D63342F000F2EA8 /* Sources */,
				69EF36942D63342F000F2EA8 /* Frameworks */,
				69EF36952D63342F000F2EA8 /* Resources */,
			);
			buildRules = (
			);
			dependencies = (
				69EF36992D63342F000F2EA8 /* PBXTargetDependency */,
			);
			name = CloverFoodHubTests;
			productName = mealplanerTests;
			productReference = 69EF36972D63342F000F2EA8 /* CloverFoodHubTests.xctest */;
			productType = "com.apple.product-type.bundle.unit-test";
		};
		69EF36A02D63342F000F2EA8 /* CloverFoodHubUITests */ = {
			isa = PBXNativeTarget;
			buildConfigurationList = 69EF36B12D63342F000F2EA8 /* Build configuration list for PBXNativeTarget "CloverFoodHubUITests" */;
			buildPhases = (
				69EF369D2D63342F000F2EA8 /* Sources */,
				69EF369E2D63342F000F2EA8 /* Frameworks */,
				69EF369F2D63342F000F2EA8 /* Resources */,
			);
			buildRules = (
			);
			dependencies = (
				69EF36A32D63342F000F2EA8 /* PBXTargetDependency */,
			);
			name = CloverFoodHubUITests;
			productName = mealplanerUITests;
			productReference = 69EF36A12D63342F000F2EA8 /* CloverFoodHubUITests.xctest */;
			productType = "com.apple.product-type.bundle.ui-testing";
		};
/* End PBXNativeTarget section */

/* Begin PBXProject section */
		69EF367F2D63342E000F2EA8 /* Project object */ = {
			isa = PBXProject;
			attributes = {
				BuildIndependentTargetsInParallel = 1;
				LastSwiftUpdateCheck = 1530;
				LastUpgradeCheck = 1530;
				TargetAttributes = {
					69EF36862D63342E000F2EA8 = {
						CreatedOnToolsVersion = 15.3;
					};
					69EF36962D63342F000F2EA8 = {
						CreatedOnToolsVersion = 15.3;
						TestTargetID = 69EF36862D63342E000F2EA8;
					};
					69EF36A02D63342F000F2EA8 = {
						CreatedOnToolsVersion = 15.3;
						TestTargetID = 69EF36862D63342E000F2EA8;
					};
				};
			};
			buildConfigurationList = 69EF36822D63342E000F2EA8 /* Build configuration list for PBXProject "CloverFoodHub" */;
			compatibilityVersion = "Xcode 14.0";
			developmentRegion = en;
			hasScannedForEncodings = 0;
			knownRegions = (
				en,
				Base,
			);
			mainGroup = 69EF367E2D63342E000F2EA8;
			productRefGroup = 69EF36882D63342E000F2EA8 /* Products */;
			projectDirPath = "";
			projectRoot = "";
			targets = (
				69EF36862D63342E000F2EA8 /* CloverFoodHub */,
				69EF36962D63342F000F2EA8 /* CloverFoodHubTests */,
				69EF36A02D63342F000F2EA8 /* CloverFoodHubUITests */,
			);
		};
/* End PBXProject section */

/* Begin PBXResourcesBuildPhase section */
		69EF36852D63342E000F2EA8 /* Resources */ = {
			isa = PBXResourcesBuildPhase;
			buildActionMask = 2147483647;
			files = (
				69EF36BA2D63C63A000F2EA8 /* Sen-Regular.ttf in Resources */,
				69EF36922D63342F000F2EA8 /* Preview Assets.xcassets in Resources */,
				69EF368F2D63342F000F2EA8 /* Assets.xcassets in Resources */,
			);
			runOnlyForDeploymentPostprocessing = 0;
		};
		69EF36952D63342F000F2EA8 /* Resources */ = {
			isa = PBXResourcesBuildPhase;
			buildActionMask = 2147483647;
			files = (
				69EF36BB2D63C63A000F2EA8 /* Sen-Regular.ttf in Resources */,
			);
			runOnlyForDeploymentPostprocessing = 0;
		};
		69EF369F2D63342F000F2EA8 /* Resources */ = {
			isa = PBXResourcesBuildPhase;
			buildActionMask = 2147483647;
			files = (
				69EF36BC2D63C63A000F2EA8 /* Sen-Regular.ttf in Resources */,
			);
			runOnlyForDeploymentPostprocessing = 0;
		};
/* End PBXResourcesBuildPhase section */

/* Begin PBXSourcesBuildPhase section */
		69EF36832D63342E000F2EA8 /* Sources */ = {
			isa = PBXSourcesBuildPhase;
			buildActionMask = 2147483647;
			files = (
				69EF36C22D6674FA000F2EA8 /* Main.swift in Sources */,
				69EF36B52D633AC4000F2EA8 /* Login.swift in Sources */,
				69605C862D6C45FB0096E1D4 /* CartViewModel.swift in Sources */,
				697023B42D6A4B870076DB1B /* Lief.swift in Sources */,
				69EF36B72D633CB7000F2EA8 /* SignUp.swift in Sources */,
				69EF36C62D667C14000F2EA8 /* Profile.swift in Sources */,
				697023B02D67BD060076DB1B /* Karte.swift in Sources */,
				69EF368D2D63342E000F2EA8 /* ContentView.swift in Sources */,
				69EF36BE2D63D938000F2EA8 /* Success.swift in Sources */,
				697023AE2D67B8D10076DB1B /* OrderCart.swift in Sources */,
				697023B22D6A134D0076DB1B /* Mehr.swift in Sources */,
				69EF368B2D63342E000F2EA8 /* mealplanerApp.swift in Sources */,
				697023AA2D67AB1E0076DB1B /* Cart.swift in Sources */,
			);
			runOnlyForDeploymentPostprocessing = 0;
		};
		69EF36932D63342F000F2EA8 /* Sources */ = {
			isa = PBXSourcesBuildPhase;
			buildActionMask = 2147483647;
			files = (
				69605C922D6C4F420096E1D4 /* Login.swift in Sources */,
				69605C892D6C4F0C0096E1D4 /* Cart.swift in Sources */,
				69605C8E2D6C4F3C0096E1D4 /* ContentView.swift in Sources */,
				69605C982D6C4F4D0096E1D4 /* Mehr.swift in Sources */,
				69605C872D6C4EE60096E1D4 /* CartViewModel.swift in Sources */,
				69605C962D6C4F4A0096E1D4 /* Karte.swift in Sources */,
				69EF36C72D667C14000F2EA8 /* Profile.swift in Sources */,
				69EF369C2D63342F000F2EA8 /* mealplanerTests.swift in Sources */,
				69605C8B2D6C4F1D0096E1D4 /* mealplanerApp.swift in Sources */,
				69605C942D6C4F470096E1D4 /* OrderCart.swift in Sources */,
				69605C9A2D6C4F500096E1D4 /* Lief.swift in Sources */,
				69605C902D6C4F3F0096E1D4 /* SignUp.swift in Sources */,
				69605C9C2D6C74140096E1D4 /* Main.swift in Sources */,
				69EF36BF2D63D938000F2EA8 /* Success.swift in Sources */,
			);
			runOnlyForDeploymentPostprocessing = 0;
		};
		69EF369D2D63342F000F2EA8 /* Sources */ = {
			isa = PBXSourcesBuildPhase;
			buildActionMask = 2147483647;
			files = (
				69605C9D2D6C74140096E1D4 /* Main.swift in Sources */,
				69605C8C2D6C4F1E0096E1D4 /* mealplanerApp.swift in Sources */,
				69605C882D6C4EE70096E1D4 /* CartViewModel.swift in Sources */,
				69EF36A62D63342F000F2EA8 /* mealplanerUITests.swift in Sources */,
				69605C992D6C4F4D0096E1D4 /* Mehr.swift in Sources */,
				69EF36C82D667C14000F2EA8 /* Profile.swift in Sources */,
				69605C952D6C4F470096E1D4 /* OrderCart.swift in Sources */,
				69605C8A2D6C4F0D0096E1D4 /* Cart.swift in Sources */,
				69605C8F2D6C4F3C0096E1D4 /* ContentView.swift in Sources */,
				69EF36C02D63D938000F2EA8 /* Success.swift in Sources */,
				69605C9B2D6C4F500096E1D4 /* Lief.swift in Sources */,
				69EF36A82D63342F000F2EA8 /* mealplanerUITestsLaunchTests.swift in Sources */,
				69605C932D6C4F430096E1D4 /* Login.swift in Sources */,
				69605C972D6C4F4A0096E1D4 /* Karte.swift in Sources */,
				69605C912D6C4F400096E1D4 /* SignUp.swift in Sources */,
			);
			runOnlyForDeploymentPostprocessing = 0;
		};
/* End PBXSourcesBuildPhase section */

/* Begin PBXTargetDependency section */
		69EF36992D63342F000F2EA8 /* PBXTargetDependency */ = {
			isa = PBXTargetDependency;
			target = 69EF36862D63342E000F2EA8 /* CloverFoodHub */;
			targetProxy = 69EF36982D63342F000F2EA8 /* PBXContainerItemProxy */;
		};
		69EF36A32D63342F000F2EA8 /* PBXTargetDependency */ = {
			isa = PBXTargetDependency;
			target = 69EF36862D63342E000F2EA8 /* CloverFoodHub */;
			targetProxy = 69EF36A22D63342F000F2EA8 /* PBXContainerItemProxy */;
		};
/* End PBXTargetDependency section */

/* Begin XCBuildConfiguration section */
		69EF36A92D63342F000F2EA8 /* Debug */ = {
			isa = XCBuildConfiguration;
			buildSettings = {
				ALWAYS_SEARCH_USER_PATHS = NO;
				ASSETCATALOG_COMPILER_GENERATE_SWIFT_ASSET_SYMBOL_EXTENSIONS = YES;
				CLANG_ANALYZER_NONNULL = YES;
				CLANG_ANALYZER_NUMBER_OBJECT_CONVERSION = YES_AGGRESSIVE;
				CLANG_CXX_LANGUAGE_STANDARD = "gnu++20";
				CLANG_ENABLE_MODULES = YES;
				CLANG_ENABLE_OBJC_ARC = YES;
				CLANG_ENABLE_OBJC_WEAK = YES;
				CLANG_WARN_BLOCK_CAPTURE_AUTORELEASING = YES;
				CLANG_WARN_BOOL_CONVERSION = YES;
				CLANG_WARN_COMMA = YES;
				CLANG_WARN_CONSTANT_CONVERSION = YES;
				CLANG_WARN_DEPRECATED_OBJC_IMPLEMENTATIONS = YES;
				CLANG_WARN_DIRECT_OBJC_ISA_USAGE = YES_ERROR;
				CLANG_WARN_DOCUMENTATION_COMMENTS = YES;
				CLANG_WARN_EMPTY_BODY = YES;
				CLANG_WARN_ENUM_CONVERSION = YES;
				CLANG_WARN_INFINITE_RECURSION = YES;
				CLANG_WARN_INT_CONVERSION = YES;
				CLANG_WARN_NON_LITERAL_NULL_CONVERSION = YES;
				CLANG_WARN_OBJC_IMPLICIT_RETAIN_SELF = YES;
				CLANG_WARN_OBJC_LITERAL_CONVERSION = YES;
				CLANG_WARN_OBJC_ROOT_CLASS = YES_ERROR;
				CLANG_WARN_QUOTED_INCLUDE_IN_FRAMEWORK_HEADER = YES;
				CLANG_WARN_RANGE_LOOP_ANALYSIS = YES;
				CLANG_WARN_STRICT_PROTOTYPES = YES;
				CLANG_WARN_SUSPICIOUS_MOVE = YES;
				CLANG_WARN_UNGUARDED_AVAILABILITY = YES_AGGRESSIVE;
				CLANG_WARN_UNREACHABLE_CODE = YES;
				CLANG_WARN__DUPLICATE_METHOD_MATCH = YES;
				COPY_PHASE_STRIP = NO;
				DEBUG_INFORMATION_FORMAT = dwarf;
				ENABLE_STRICT_OBJC_MSGSEND = YES;
				ENABLE_TESTABILITY = YES;
				ENABLE_USER_SCRIPT_SANDBOXING = YES;
				GCC_C_LANGUAGE_STANDARD = gnu17;
				GCC_DYNAMIC_NO_PIC = NO;
				GCC_NO_COMMON_BLOCKS = YES;
				GCC_OPTIMIZATION_LEVEL = 0;
				GCC_PREPROCESSOR_DEFINITIONS = (
					"DEBUG=1",
					"$(inherited)",
				);
				GCC_WARN_64_TO_32_BIT_CONVERSION = YES;
				GCC_WARN_ABOUT_RETURN_TYPE = YES_ERROR;
				GCC_WARN_UNDECLARED_SELECTOR = YES;
				GCC_WARN_UNINITIALIZED_AUTOS = YES_AGGRESSIVE;
				GCC_WARN_UNUSED_FUNCTION = YES;
				GCC_WARN_UNUSED_VARIABLE = YES;
				IPHONEOS_DEPLOYMENT_TARGET = 17.4;
				LOCALIZATION_PREFERS_STRING_CATALOGS = YES;
				MTL_ENABLE_DEBUG_INFO = INCLUDE_SOURCE;
				MTL_FAST_MATH = YES;
				ONLY_ACTIVE_ARCH = YES;
				SDKROOT = iphoneos;
				SWIFT_ACTIVE_COMPILATION_CONDITIONS = "DEBUG $(inherited)";
				SWIFT_OPTIMIZATION_LEVEL = "-Onone";
			};
			name = Debug;
		};
		69EF36AA2D63342F000F2EA8 /* Release */ = {
			isa = XCBuildConfiguration;
			buildSettings = {
				ALWAYS_SEARCH_USER_PATHS = NO;
				ASSETCATALOG_COMPILER_GENERATE_SWIFT_ASSET_SYMBOL_EXTENSIONS = YES;
				CLANG_ANALYZER_NONNULL = YES;
				CLANG_ANALYZER_NUMBER_OBJECT_CONVERSION = YES_AGGRESSIVE;
				CLANG_CXX_LANGUAGE_STANDARD = "gnu++20";
				CLANG_ENABLE_MODULES = YES;
				CLANG_ENABLE_OBJC_ARC = YES;
				CLANG_ENABLE_OBJC_WEAK = YES;
				CLANG_WARN_BLOCK_CAPTURE_AUTORELEASING = YES;
				CLANG_WARN_BOOL_CONVERSION = YES;
				CLANG_WARN_COMMA = YES;
				CLANG_WARN_CONSTANT_CONVERSION = YES;
				CLANG_WARN_DEPRECATED_OBJC_IMPLEMENTATIONS = YES;
				CLANG_WARN_DIRECT_OBJC_ISA_USAGE = YES_ERROR;
				CLANG_WARN_DOCUMENTATION_COMMENTS = YES;
				CLANG_WARN_EMPTY_BODY = YES;
				CLANG_WARN_ENUM_CONVERSION = YES;
				CLANG_WARN_INFINITE_RECURSION = YES;
				CLANG_WARN_INT_CONVERSION = YES;
				CLANG_WARN_NON_LITERAL_NULL_CONVERSION = YES;
				CLANG_WARN_OBJC_IMPLICIT_RETAIN_SELF = YES;
				CLANG_WARN_OBJC_LITERAL_CONVERSION = YES;
				CLANG_WARN_OBJC_ROOT_CLASS = YES_ERROR;
				CLANG_WARN_QUOTED_INCLUDE_IN_FRAMEWORK_HEADER = YES;
				CLANG_WARN_RANGE_LOOP_ANALYSIS = YES;
				CLANG_WARN_STRICT_PROTOTYPES = YES;
				CLANG_WARN_SUSPICIOUS_MOVE = YES;
				CLANG_WARN_UNGUARDED_AVAILABILITY = YES_AGGRESSIVE;
				CLANG_WARN_UNREACHABLE_CODE = YES;
				CLANG_WARN__DUPLICATE_METHOD_MATCH = YES;
				COPY_PHASE_STRIP = NO;
				DEBUG_INFORMATION_FORMAT = "dwarf-with-dsym";
				ENABLE_NS_ASSERTIONS = NO;
				ENABLE_STRICT_OBJC_MSGSEND = YES;
				ENABLE_USER_SCRIPT_SANDBOXING = YES;
				GCC_C_LANGUAGE_STANDARD = gnu17;
				GCC_NO_COMMON_BLOCKS = YES;
				GCC_WARN_64_TO_32_BIT_CONVERSION = YES;
				GCC_WARN_ABOUT_RETURN_TYPE = YES_ERROR;
				GCC_WARN_UNDECLARED_SELECTOR = YES;
				GCC_WARN_UNINITIALIZED_AUTOS = YES_AGGRESSIVE;
				GCC_WARN_UNUSED_FUNCTION = YES;
				GCC_WARN_UNUSED_VARIABLE = YES;
				IPHONEOS_DEPLOYMENT_TARGET = 17.4;
				LOCALIZATION_PREFERS_STRING_CATALOGS = YES;
				MTL_ENABLE_DEBUG_INFO = NO;
				MTL_FAST_MATH = YES;
				SDKROOT = iphoneos;
				SWIFT_COMPILATION_MODE = wholemodule;
				VALIDATE_PRODUCT = YES;
			};
			name = Release;
		};
		69EF36AC2D63342F000F2EA8 /* Debug */ = {
			isa = XCBuildConfiguration;
			buildSettings = {
				ASSETCATALOG_COMPILER_APPICON_NAME = AppIcon;
				ASSETCATALOG_COMPILER_GLOBAL_ACCENT_COLOR_NAME = AccentColor;
				CODE_SIGN_STYLE = Automatic;
				CURRENT_PROJECT_VERSION = 1;
				DEVELOPMENT_ASSET_PATHS = "\"mealplaner/Preview Content\"";
				DEVELOPMENT_TEAM = H59J88H832;
				ENABLE_PREVIEWS = YES;
				GENERATE_INFOPLIST_FILE = YES;
				INFOPLIST_FILE = mealplaner/Info.plist;
				INFOPLIST_KEY_LSApplicationCategoryType = "";
				INFOPLIST_KEY_UIApplicationSceneManifest_Generation = YES;
				INFOPLIST_KEY_UIApplicationSupportsIndirectInputEvents = YES;
				INFOPLIST_KEY_UILaunchScreen_Generation = YES;
				INFOPLIST_KEY_UISupportedInterfaceOrientations_iPad = "UIInterfaceOrientationPortrait UIInterfaceOrientationPortraitUpsideDown UIInterfaceOrientationLandscapeLeft UIInterfaceOrientationLandscapeRight";
				INFOPLIST_KEY_UISupportedInterfaceOrientations_iPhone = "UIInterfaceOrientationPortrait UIInterfaceOrientationLandscapeLeft UIInterfaceOrientationLandscapeRight";
				LD_RUNPATH_SEARCH_PATHS = (
					"$(inherited)",
					"@executable_path/Frameworks",
				);
				MARKETING_VERSION = 1.0;
				PRODUCT_BUNDLE_IDENTIFIER = com.freshdining.cloverfoodhub;
				PRODUCT_NAME = "$(TARGET_NAME)";
				SWIFT_EMIT_LOC_STRINGS = YES;
				SWIFT_VERSION = 5.0;
				TARGETED_DEVICE_FAMILY = "1,2";
			};
			name = Debug;
		};
		69EF36AD2D63342F000F2EA8 /* Release */ = {
			isa = XCBuildConfiguration;
			buildSettings = {
				ASSETCATALOG_COMPILER_APPICON_NAME = AppIcon;
				ASSETCATALOG_COMPILER_GLOBAL_ACCENT_COLOR_NAME = AccentColor;
				CODE_SIGN_STYLE = Automatic;
				CURRENT_PROJECT_VERSION = 1;
				DEVELOPMENT_ASSET_PATHS = "\"mealplaner/Preview Content\"";
				DEVELOPMENT_TEAM = H59J88H832;
				ENABLE_PREVIEWS = YES;
				GENERATE_INFOPLIST_FILE = YES;
				INFOPLIST_FILE = mealplaner/Info.plist;
				INFOPLIST_KEY_LSApplicationCategoryType = "";
				INFOPLIST_KEY_UIApplicationSceneManifest_Generation = YES;
				INFOPLIST_KEY_UIApplicationSupportsIndirectInputEvents = YES;
				INFOPLIST_KEY_UILaunchScreen_Generation = YES;
				INFOPLIST_KEY_UISupportedInterfaceOrientations_iPad = "UIInterfaceOrientationPortrait UIInterfaceOrientationPortraitUpsideDown UIInterfaceOrientationLandscapeLeft UIInterfaceOrientationLandscapeRight";
				INFOPLIST_KEY_UISupportedInterfaceOrientations_iPhone = "UIInterfaceOrientationPortrait UIInterfaceOrientationLandscapeLeft UIInterfaceOrientationLandscapeRight";
				LD_RUNPATH_SEARCH_PATHS = (
					"$(inherited)",
					"@executable_path/Frameworks",
				);
				MARKETING_VERSION = 1.0;
				PRODUCT_BUNDLE_IDENTIFIER = com.freshdining.cloverfoodhub;
				PRODUCT_NAME = "$(TARGET_NAME)";
				SWIFT_EMIT_LOC_STRINGS = YES;
				SWIFT_VERSION = 5.0;
				TARGETED_DEVICE_FAMILY = "1,2";
			};
			name = Release;
		};
		69EF36AF2D63342F000F2EA8 /* Debug */ = {
			isa = XCBuildConfiguration;
			buildSettings = {
				ALWAYS_EMBED_SWIFT_STANDARD_LIBRARIES = YES;
				BUNDLE_LOADER = "$(TEST_HOST)";
				CODE_SIGN_STYLE = Automatic;
				CURRENT_PROJECT_VERSION = 1;
				DEVELOPMENT_TEAM = H59J88H832;
				GENERATE_INFOPLIST_FILE = YES;
				IPHONEOS_DEPLOYMENT_TARGET = 17.4;
				MARKETING_VERSION = 1.0;
				PRODUCT_BUNDLE_IDENTIFIER = me.mealplanerTests;
				PRODUCT_NAME = "$(TARGET_NAME)";
				SWIFT_EMIT_LOC_STRINGS = NO;
				SWIFT_VERSION = 5.0;
				TARGETED_DEVICE_FAMILY = "1,2";
				TEST_HOST = "$(BUILT_PRODUCTS_DIR)/CloverFoodHub.app/$(BUNDLE_EXECUTABLE_FOLDER_PATH)/CloverFoodHub";
			};
			name = Debug;
		};
		69EF36B02D63342F000F2EA8 /* Release */ = {
			isa = XCBuildConfiguration;
			buildSettings = {
				ALWAYS_EMBED_SWIFT_STANDARD_LIBRARIES = YES;
				BUNDLE_LOADER = "$(TEST_HOST)";
				CODE_SIGN_STYLE = Automatic;
				CURRENT_PROJECT_VERSION = 1;
				DEVELOPMENT_TEAM = H59J88H832;
				GENERATE_INFOPLIST_FILE = YES;
				IPHONEOS_DEPLOYMENT_TARGET = 17.4;
				MARKETING_VERSION = 1.0;
				PRODUCT_BUNDLE_IDENTIFIER = me.mealplanerTests;
				PRODUCT_NAME = "$(TARGET_NAME)";
				SWIFT_EMIT_LOC_STRINGS = NO;
				SWIFT_VERSION = 5.0;
				TARGETED_DEVICE_FAMILY = "1,2";
				TEST_HOST = "$(BUILT_PRODUCTS_DIR)/CloverFoodHub.app/$(BUNDLE_EXECUTABLE_FOLDER_PATH)/CloverFoodHub";
			};
			name = Release;
		};
		69EF36B22D63342F000F2EA8 /* Debug */ = {
			isa = XCBuildConfiguration;
			buildSettings = {
				ALWAYS_EMBED_SWIFT_STANDARD_LIBRARIES = YES;
				CODE_SIGN_STYLE = Automatic;
				CURRENT_PROJECT_VERSION = 1;
				DEVELOPMENT_TEAM = H59J88H832;
				GENERATE_INFOPLIST_FILE = YES;
				MARKETING_VERSION = 1.0;
				PRODUCT_BUNDLE_IDENTIFIER = me.mealplanerUITests;
				PRODUCT_NAME = "$(TARGET_NAME)";
				SWIFT_EMIT_LOC_STRINGS = NO;
				SWIFT_VERSION = 5.0;
				TARGETED_DEVICE_FAMILY = "1,2";
				TEST_TARGET_NAME = mealplaner;
			};
			name = Debug;
		};
		69EF36B32D63342F000F2EA8 /* Release */ = {
			isa = XCBuildConfiguration;
			buildSettings = {
				ALWAYS_EMBED_SWIFT_STANDARD_LIBRARIES = YES;
				CODE_SIGN_STYLE = Automatic;
				CURRENT_PROJECT_VERSION = 1;
				DEVELOPMENT_TEAM = H59J88H832;
				GENERATE_INFOPLIST_FILE = YES;
				MARKETING_VERSION = 1.0;
				PRODUCT_BUNDLE_IDENTIFIER = me.mealplanerUITests;
				PRODUCT_NAME = "$(TARGET_NAME)";
				SWIFT_EMIT_LOC_STRINGS = NO;
				SWIFT_VERSION = 5.0;
				TARGETED_DEVICE_FAMILY = "1,2";
				TEST_TARGET_NAME = mealplaner;
			};
			name = Release;
		};
/* End XCBuildConfiguration section */

/* Begin XCConfigurationList section */
		69EF36822D63342E000F2EA8 /* Build configuration list for PBXProject "CloverFoodHub" */ = {
			isa = XCConfigurationList;
			buildConfigurations = (
				69EF36A92D63342F000F2EA8 /* Debug */,
				69EF36AA2D63342F000F2EA8 /* Release */,
			);
			defaultConfigurationIsVisible = 0;
			defaultConfigurationName = Release;
		};
		69EF36AB2D63342F000F2EA8 /* Build configuration list for PBXNativeTarget "CloverFoodHub" */ = {
			isa = XCConfigurationList;
			buildConfigurations = (
				69EF36AC2D63342F000F2EA8 /* Debug */,
				69EF36AD2D63342F000F2EA8 /* Release */,
			);
			defaultConfigurationIsVisible = 0;
			defaultConfigurationName = Release;
		};
		69EF36AE2D63342F000F2EA8 /* Build configuration list for PBXNativeTarget "CloverFoodHubTests" */ = {
			isa = XCConfigurationList;
			buildConfigurations = (
				69EF36AF2D63342F000F2EA8 /* Debug */,
				69EF36B02D63342F000F2EA8 /* Release */,
			);
			defaultConfigurationIsVisible = 0;
			defaultConfigurationName = Release;
		};
		69EF36B12D63342F000F2EA8 /* Build configuration list for PBXNativeTarget "CloverFoodHubUITests" */ = {
			isa = XCConfigurationList;
			buildConfigurations = (
				69EF36B22D63342F000F2EA8 /* Debug */,
				69EF36B32D63342F000F2EA8 /* Release */,
			);
			defaultConfigurationIsVisible = 0;
			defaultConfigurationName = Release;
		};
/* End XCConfigurationList section */
	};
	rootObject = 69EF367F2D63342E000F2EA8 /* Project object */;
}
